
Microsoft Visual Studio Solution File, Format Version 12.00
# Visual Studio Version 16
VisualStudioVersion = 16.0.31220.234
MinimumVisualStudioVersion = 10.0.40219.1
Project("{FAE04EC0-301F-11D3-BF4B-00C04F79EFBC}") = "dots", "dots\dots.csproj", "{98A9C6F3-3DED-42B2-943B-D9165441F1E5}"
EndProject
Global
	GlobalSection(SolutionConfigurationPlatforms) = preSolution
		Debug|Any CPU = Debug|Any CPU
		Release|Any CPU = Release|Any CPU
	EndGlobalSection
	GlobalSection(ProjectConfigurationPlatforms) = postSolution
		{98A9C6F3-3DED-42B2-943B-D9165441F1E5}.Debug|Any CPU.ActiveCfg = Debug|Any CPU
		{98A9C6F3-3DED-42B2-943B-D9165441F1E5}.Debug|Any CPU.Build.0 = Debug|Any CPU
		{98A9C6F3-3DED-42B2-943B-D9165441F1E5}.Release|Any CPU.ActiveCfg = Release|Any CPU
		{98A9C6F3-3DED-42B2-943B-D9165441F1E5}.Release|Any CPU.Build.0 = Release|Any CPU
	EndGlobalSection
	GlobalSection(SolutionProperties) = preSolution
		HideSolutionNode = FALSE
	EndGlobalSection
	GlobalSection(ExtensibilityGlobals) = postSolution
		SolutionGuid = {098354C7-7456-4DD5-92B6-14A36E869655}
	EndGlobalSection
EndGlobal
